
Microsoft Visual Studio Solution File, Format Version 12.00
# Visual Studio Version 16
VisualStudioVersion = 16.0.31129.286
MinimumVisualStudioVersion = 10.0.40219.1
Project("{FAE04EC0-301F-11D3-BF4B-00C04F79EFBC}") = "CSBasic3", "CSBasic3\CSBasic3.csproj", "{13116AB2-44CE-47CD-A02E-706C2D165D90}"
EndProject
Global
	GlobalSection(SolutionConfigurationPlatforms) = preSolution
		Debug|Any CPU = Debug|Any CPU
		Release|Any CPU = Release|Any CPU
	EndGlobalSection
	GlobalSection(ProjectConfigurationPlatforms) = postSolution
		{13116AB2-44CE-47CD-A02E-706C2D165D90}.Debug|Any CPU.ActiveCfg = Debug|Any CPU
		{13116AB2-44CE-47CD-A02E-706C2D165D90}.Debug|Any CPU.Build.0 = Debug|Any CPU
		{13116AB2-44CE-47CD-A02E-706C2D165D90}.Release|Any CPU.ActiveCfg = Release|Any CPU
		{13116AB2-44CE-47CD-A02E-706C2D165D90}.Release|Any CPU.Build.0 = Release|Any CPU
	EndGlobalSection
	GlobalSection(SolutionProperties) = preSolution
		HideSolutionNode = FALSE
	EndGlobalSection
	GlobalSection(ExtensibilityGlobals) = postSolution
		SolutionGuid = {735C36D2-D4E3-430C-BFF4-B1628A35755D}
	EndGlobalSection
EndGlobal
